{
    "name": "bootstrap5snippets",
    "version": "1.5.0",
    "lockfileVersion": 2,
    "requires": true,
    "packages": {
        "": {
            "name": "bootstrap5snippets",
            "version": "1.5.0",
            "engines": {
                "vscode": "^1.57.0"
            }
        }
    }
}
